// !$*UTF8*$!
{
	archiveVersion = 1;
	classes = {
	};
	objectVersion = 56;
	objects = {

/* Begin PBXBuildFile section */
		841BEB052C1BB03F00D36851 /* PopularMoviesApp.swift in Sources */ = {isa = PBXBuildFile; fileRef = 841BEB042C1BB03F00D36851 /* PopularMoviesApp.swift */; };
		841BEB092C1BB04100D36851 /* Assets.xcassets in Resources */ = {isa = PBXBuildFile; fileRef = 841BEB082C1BB04100D36851 /* Assets.xcassets */; };
		841BEB0C2C1BB04100D36851 /* Preview Assets.xcassets in Resources */ = {isa = PBXBuildFile; fileRef = 841BEB0B2C1BB04100D36851 /* Preview Assets.xcassets */; };
		841BEB172C1BBEB400D36851 /* PopularMoviesList in Frameworks */ = {isa = PBXBuildFile; productRef = 841BEB162C1BBEB400D36851 /* PopularMoviesList */; };
		841BEB1B2C1CDEE600D36851 /* AppConfigurations in Frameworks */ = {isa = PBXBuildFile; productRef = 841BEB1A2C1CDEE600D36851 /* AppConfigurations */; };
		841BEB1D2C1CDEE600D36851 /* CoreInterface in Frameworks */ = {isa = PBXBuildFile; productRef = 841BEB1C2C1CDEE600D36851 /* CoreInterface */; };
		841BEB1F2C1CDEE600D36851 /* Networking in Frameworks */ = {isa = PBXBuildFile; productRef = 841BEB1E2C1CDEE600D36851 /* Networking */; };
		841BEB212C1CDEE600D36851 /* PopularMoviesList in Frameworks */ = {isa = PBXBuildFile; productRef = 841BEB202C1CDEE600D36851 /* PopularMoviesList */; };
		841BEB242C1CDF2100D36851 /* AppConfigurations in Frameworks */ = {isa = PBXBuildFile; productRef = 841BEB232C1CDF2100D36851 /* AppConfigurations */; };
		841BEB262C1CDF2100D36851 /* CoreInterface in Frameworks */ = {isa = PBXBuildFile; productRef = 841BEB252C1CDF2100D36851 /* CoreInterface */; };
		841BEB282C1CDF2100D36851 /* Networking in Frameworks */ = {isa = PBXBuildFile; productRef = 841BEB272C1CDF2100D36851 /* Networking */; };
		841BEB2A2C1CDF2100D36851 /* PopularMoviesList in Frameworks */ = {isa = PBXBuildFile; productRef = 841BEB292C1CDF2100D36851 /* PopularMoviesList */; };
		841BEB2E2C1CE28100D36851 /* AppConfigurations in Frameworks */ = {isa = PBXBuildFile; productRef = 841BEB2D2C1CE28100D36851 /* AppConfigurations */; };
		841BEB302C1CE28100D36851 /* CoreInterface in Frameworks */ = {isa = PBXBuildFile; productRef = 841BEB2F2C1CE28100D36851 /* CoreInterface */; };
		841BEB322C1CE28100D36851 /* Networking in Frameworks */ = {isa = PBXBuildFile; productRef = 841BEB312C1CE28100D36851 /* Networking */; };
		841BEB342C1CE28100D36851 /* PopularMoviesList in Frameworks */ = {isa = PBXBuildFile; productRef = 841BEB332C1CE28100D36851 /* PopularMoviesList */; };
/* End PBXBuildFile section */

/* Begin PBXContainerItemProxy section */
		844B7F342C1DF05300E27CC2 /* PBXContainerItemProxy */ = {
			isa = PBXContainerItemProxy;
			containerPortal = 841BEAF92C1BB03F00D36851 /* Project object */;
			proxyType = 1;
			remoteGlobalIDString = 841BEB002C1BB03F00D36851;
			remoteInfo = PopularMovies;
		};
/* End PBXContainerItemProxy section */

/* Begin PBXFileReference section */
		841BEB012C1BB03F00D36851 /* PopularMovies.app */ = {isa = PBXFileReference; explicitFileType = wrapper.application; includeInIndex = 0; path = PopularMovies.app; sourceTree = BUILT_PRODUCTS_DIR; };
		841BEB042C1BB03F00D36851 /* PopularMoviesApp.swift */ = {isa = PBXFileReference; lastKnownFileType = sourcecode.swift; path = PopularMoviesApp.swift; sourceTree = "<group>"; };
		841BEB082C1BB04100D36851 /* Assets.xcassets */ = {isa = PBXFileReference; lastKnownFileType = folder.assetcatalog; path = Assets.xcassets; sourceTree = "<group>"; };
		841BEB0B2C1BB04100D36851 /* Preview Assets.xcassets */ = {isa = PBXFileReference; lastKnownFileType = folder.assetcatalog; path = "Preview Assets.xcassets"; sourceTree = "<group>"; };
		841BEB182C1CA59300D36851 /* Info.plist */ = {isa = PBXFileReference; lastKnownFileType = text.plist; path = Info.plist; sourceTree = "<group>"; };
		841BEB512C1CE87600D36851 /* Packages */ = {isa = PBXFileReference; lastKnownFileType = text; path = Packages; sourceTree = SOURCE_ROOT; };
		844B7F302C1DF05300E27CC2 /* PopularMoviesTests.xctest */ = {isa = PBXFileReference; explicitFileType = wrapper.cfbundle; includeInIndex = 0; path = PopularMoviesTests.xctest; sourceTree = BUILT_PRODUCTS_DIR; };
/* End PBXFileReference section */

/* Begin PBXFrameworksBuildPhase section */
		841BEAFE2C1BB03F00D36851 /* Frameworks */ = {
			isa = PBXFrameworksBuildPhase;
			buildActionMask = 2147483647;
			files = (
				841BEB1D2C1CDEE600D36851 /* CoreInterface in Frameworks */,
				841BEB242C1CDF2100D36851 /* AppConfigurations in Frameworks */,
				841BEB282C1CDF2100D36851 /* Networking in Frameworks */,
				841BEB172C1BBEB400D36851 /* PopularMoviesList in Frameworks */,
				841BEB1F2C1CDEE600D36851 /* Networking in Frameworks */,
				841BEB2A2C1CDF2100D36851 /* PopularMoviesList in Frameworks */,
				841BEB322C1CE28100D36851 /* Networking in Frameworks */,
				841BEB302C1CE28100D36851 /* CoreInterface in Frameworks */,
				841BEB1B2C1CDEE600D36851 /* AppConfigurations in Frameworks */,
				841BEB342C1CE28100D36851 /* PopularMoviesList in Frameworks */,
				841BEB2E2C1CE28100D36851 /* AppConfigurations in Frameworks */,
				841BEB212C1CDEE600D36851 /* PopularMoviesList in Frameworks */,
				841BEB262C1CDF2100D36851 /* CoreInterface in Frameworks */,
			);
			runOnlyForDeploymentPostprocessing = 0;
		};
		844B7F2D2C1DF05300E27CC2 /* Frameworks */ = {
			isa = PBXFrameworksBuildPhase;
			buildActionMask = 2147483647;
			files = (
			);
			runOnlyForDeploymentPostprocessing = 0;
		};
/* End PBXFrameworksBuildPhase section */

/* Begin PBXGroup section */
		841BEAF82C1BB03F00D36851 = {
			isa = PBXGroup;
			children = (
				841BEB032C1BB03F00D36851 /* PopularMovies */,
				841BEB022C1BB03F00D36851 /* Products */,
				841BEB132C1BBDD200D36851 /* Frameworks */,
			);
			sourceTree = "<group>";
		};
		841BEB022C1BB03F00D36851 /* Products */ = {
			isa = PBXGroup;
			children = (
				841BEB012C1BB03F00D36851 /* PopularMovies.app */,
				844B7F302C1DF05300E27CC2 /* PopularMoviesTests.xctest */,
			);
			name = Products;
			sourceTree = "<group>";
		};
		841BEB032C1BB03F00D36851 /* PopularMovies */ = {
			isa = PBXGroup;
			children = (
				841BEB512C1CE87600D36851 /* Packages */,
				841BEB182C1CA59300D36851 /* Info.plist */,
				841BEB042C1BB03F00D36851 /* PopularMoviesApp.swift */,
				841BEB082C1BB04100D36851 /* Assets.xcassets */,
				841BEB0A2C1BB04100D36851 /* Preview Content */,
			);
			path = PopularMovies;
			sourceTree = "<group>";
		};
		841BEB0A2C1BB04100D36851 /* Preview Content */ = {
			isa = PBXGroup;
			children = (
				841BEB0B2C1BB04100D36851 /* Preview Assets.xcassets */,
			);
			path = "Preview Content";
			sourceTree = "<group>";
		};
		841BEB132C1BBDD200D36851 /* Frameworks */ = {
			isa = PBXGroup;
			children = (
			);
			name = Frameworks;
			sourceTree = "<group>";
		};
/* End PBXGroup section */

/* Begin PBXNativeTarget section */
		841BEB002C1BB03F00D36851 /* PopularMovies */ = {
			isa = PBXNativeTarget;
			buildConfigurationList = 841BEB0F2C1BB04100D36851 /* Build configuration list for PBXNativeTarget "PopularMovies" */;
			buildPhases = (
				841BEAFD2C1BB03F00D36851 /* Sources */,
				841BEAFE2C1BB03F00D36851 /* Frameworks */,
				841BEAFF2C1BB03F00D36851 /* Resources */,
			);
			buildRules = (
			);
			dependencies = (
			);
			name = PopularMovies;
			packageProductDependencies = (
				841BEB162C1BBEB400D36851 /* PopularMoviesList */,
				841BEB1A2C1CDEE600D36851 /* AppConfigurations */,
				841BEB1C2C1CDEE600D36851 /* CoreInterface */,
				841BEB1E2C1CDEE600D36851 /* Networking */,
				841BEB202C1CDEE600D36851 /* PopularMoviesList */,
				841BEB232C1CDF2100D36851 /* AppConfigurations */,
				841BEB252C1CDF2100D36851 /* CoreInterface */,
				841BEB272C1CDF2100D36851 /* Networking */,
				841BEB292C1CDF2100D36851 /* PopularMoviesList */,
				841BEB2D2C1CE28100D36851 /* AppConfigurations */,
				841BEB2F2C1CE28100D36851 /* CoreInterface */,
				841BEB312C1CE28100D36851 /* Networking */,
				841BEB332C1CE28100D36851 /* PopularMoviesList */,
			);
			productName = PopularMovies;
			productReference = 841BEB012C1BB03F00D36851 /* PopularMovies.app */;
			productType = "com.apple.product-type.application";
		};
		844B7F2F2C1DF05300E27CC2 /* PopularMoviesTests */ = {
			isa = PBXNativeTarget;
			buildConfigurationList = 844B7F382C1DF05300E27CC2 /* Build configuration list for PBXNativeTarget "PopularMoviesTests" */;
			buildPhases = (
				844B7F2C2C1DF05300E27CC2 /* Sources */,
				844B7F2D2C1DF05300E27CC2 /* Frameworks */,
				844B7F2E2C1DF05300E27CC2 /* Resources */,
			);
			buildRules = (
			);
			dependencies = (
				844B7F352C1DF05300E27CC2 /* PBXTargetDependency */,
			);
			name = PopularMoviesTests;
			productName = PopularMoviesTests;
			productReference = 844B7F302C1DF05300E27CC2 /* PopularMoviesTests.xctest */;
			productType = "com.apple.product-type.bundle.unit-test";
		};
/* End PBXNativeTarget section */

/* Begin PBXProject section */
		841BEAF92C1BB03F00D36851 /* Project object */ = {
			isa = PBXProject;
			attributes = {
				BuildIndependentTargetsInParallel = 1;
				LastSwiftUpdateCheck = 1500;
				LastUpgradeCheck = 1500;
				TargetAttributes = {
					841BEB002C1BB03F00D36851 = {
						CreatedOnToolsVersion = 15.0.1;
					};
					844B7F2F2C1DF05300E27CC2 = {
						CreatedOnToolsVersion = 15.0.1;
						TestTargetID = 841BEB002C1BB03F00D36851;
					};
				};
			};
			buildConfigurationList = 841BEAFC2C1BB03F00D36851 /* Build configuration list for PBXProject "PopularMovies" */;
			compatibilityVersion = "Xcode 14.0";
			developmentRegion = en;
			hasScannedForEncodings = 0;
			knownRegions = (
				en,
				Base,
			);
			mainGroup = 841BEAF82C1BB03F00D36851;
			packageReferences = (
			);
			productRefGroup = 841BEB022C1BB03F00D36851 /* Products */;
			projectDirPath = "";
			projectRoot = "";
			targets = (
				841BEB002C1BB03F00D36851 /* PopularMovies */,
				844B7F2F2C1DF05300E27CC2 /* PopularMoviesTests */,
			);
		};
/* End PBXProject section */

/* Begin PBXResourcesBuildPhase section */
		841BEAFF2C1BB03F00D36851 /* Resources */ = {
			isa = PBXResourcesBuildPhase;
			buildActionMask = 2147483647;
			files = (
				841BEB0C2C1BB04100D36851 /* Preview Assets.xcassets in Resources */,
				841BEB092C1BB04100D36851 /* Assets.xcassets in Resources */,
			);
			runOnlyForDeploymentPostprocessing = 0;
		};
		844B7F2E2C1DF05300E27CC2 /* Resources */ = {
			isa = PBXResourcesBuildPhase;
			buildActionMask = 2147483647;
			files = (
			);
			runOnlyForDeploymentPostprocessing = 0;
		};
/* End PBXResourcesBuildPhase section */

/* Begin PBXSourcesBuildPhase section */
		841BEAFD2C1BB03F00D36851 /* Sources */ = {
			isa = PBXSourcesBuildPhase;
			buildActionMask = 2147483647;
			files = (
				841BEB052C1BB03F00D36851 /* PopularMoviesApp.swift in Sources */,
			);
			runOnlyForDeploymentPostprocessing = 0;
		};
		844B7F2C2C1DF05300E27CC2 /* Sources */ = {
			isa = PBXSourcesBuildPhase;
			buildActionMask = 2147483647;
			files = (
			);
			runOnlyForDeploymentPostprocessing = 0;
		};
/* End PBXSourcesBuildPhase section */

/* Begin PBXTargetDependency section */
		844B7F352C1DF05300E27CC2 /* PBXTargetDependency */ = {
			isa = PBXTargetDependency;
			target = 841BEB002C1BB03F00D36851 /* PopularMovies */;
			targetProxy = 844B7F342C1DF05300E27CC2 /* PBXContainerItemProxy */;
		};
/* End PBXTargetDependency section */

/* Begin XCBuildConfiguration section */
		841BEB0D2C1BB04100D36851 /* Debug */ = {
			isa = XCBuildConfiguration;
			buildSettings = {
				ALWAYS_SEARCH_USER_PATHS = NO;
				ASSETCATALOG_COMPILER_GENERATE_SWIFT_ASSET_SYMBOL_EXTENSIONS = YES;
				CLANG_ANALYZER_NONNULL = YES;
				CLANG_ANALYZER_NUMBER_OBJECT_CONVERSION = YES_AGGRESSIVE;
				CLANG_CXX_LANGUAGE_STANDARD = "gnu++20";
				CLANG_ENABLE_MODULES = YES;
				CLANG_ENABLE_OBJC_ARC = YES;
				CLANG_ENABLE_OBJC_WEAK = YES;
				CLANG_WARN_BLOCK_CAPTURE_AUTORELEASING = YES;
				CLANG_WARN_BOOL_CONVERSION = YES;
				CLANG_WARN_COMMA = YES;
				CLANG_WARN_CONSTANT_CONVERSION = YES;
				CLANG_WARN_DEPRECATED_OBJC_IMPLEMENTATIONS = YES;
				CLANG_WARN_DIRECT_OBJC_ISA_USAGE = YES_ERROR;
				CLANG_WARN_DOCUMENTATION_COMMENTS = YES;
				CLANG_WARN_EMPTY_BODY = YES;
				CLANG_WARN_ENUM_CONVERSION = YES;
				CLANG_WARN_INFINITE_RECURSION = YES;
				CLANG_WARN_INT_CONVERSION = YES;
				CLANG_WARN_NON_LITERAL_NULL_CONVERSION = YES;
				CLANG_WARN_OBJC_IMPLICIT_RETAIN_SELF = YES;
				CLANG_WARN_OBJC_LITERAL_CONVERSION = YES;
				CLANG_WARN_OBJC_ROOT_CLASS = YES_ERROR;
				CLANG_WARN_QUOTED_INCLUDE_IN_FRAMEWORK_HEADER = YES;
				CLANG_WARN_RANGE_LOOP_ANALYSIS = YES;
				CLANG_WARN_STRICT_PROTOTYPES = YES;
				CLANG_WARN_SUSPICIOUS_MOVE = YES;
				CLANG_WARN_UNGUARDED_AVAILABILITY = YES_AGGRESSIVE;
				CLANG_WARN_UNREACHABLE_CODE = YES;
				CLANG_WARN__DUPLICATE_METHOD_MATCH = YES;
				COPY_PHASE_STRIP = NO;
				DEBUG_INFORMATION_FORMAT = dwarf;
				ENABLE_STRICT_OBJC_MSGSEND = YES;
				ENABLE_TESTABILITY = YES;
				ENABLE_USER_SCRIPT_SANDBOXING = YES;
				GCC_C_LANGUAGE_STANDARD = gnu17;
				GCC_DYNAMIC_NO_PIC = NO;
				GCC_NO_COMMON_BLOCKS = YES;
				GCC_OPTIMIZATION_LEVEL = 0;
				GCC_PREPROCESSOR_DEFINITIONS = (
					"DEBUG=1",
					"$(inherited)",
				);
				GCC_WARN_64_TO_32_BIT_CONVERSION = YES;
				GCC_WARN_ABOUT_RETURN_TYPE = YES_ERROR;
				GCC_WARN_UNDECLARED_SELECTOR = YES;
				GCC_WARN_UNINITIALIZED_AUTOS = YES_AGGRESSIVE;
				GCC_WARN_UNUSED_FUNCTION = YES;
				GCC_WARN_UNUSED_VARIABLE = YES;
				IPHONEOS_DEPLOYMENT_TARGET = 17.0;
				LOCALIZATION_PREFERS_STRING_CATALOGS = YES;
				MTL_ENABLE_DEBUG_INFO = INCLUDE_SOURCE;
				MTL_FAST_MATH = YES;
				ONLY_ACTIVE_ARCH = YES;
				SDKROOT = iphoneos;
				SWIFT_ACTIVE_COMPILATION_CONDITIONS = "DEBUG $(inherited)";
				SWIFT_OPTIMIZATION_LEVEL = "-Onone";
			};
			name = Debug;
		};
		841BEB0E2C1BB04100D36851 /* Release */ = {
			isa = XCBuildConfiguration;
			buildSettings = {
				ALWAYS_SEARCH_USER_PATHS = NO;
				ASSETCATALOG_COMPILER_GENERATE_SWIFT_ASSET_SYMBOL_EXTENSIONS = YES;
				CLANG_ANALYZER_NONNULL = YES;
				CLANG_ANALYZER_NUMBER_OBJECT_CONVERSION = YES_AGGRESSIVE;
				CLANG_CXX_LANGUAGE_STANDARD = "gnu++20";
				CLANG_ENABLE_MODULES = YES;
				CLANG_ENABLE_OBJC_ARC = YES;
				CLANG_ENABLE_OBJC_WEAK = YES;
				CLANG_WARN_BLOCK_CAPTURE_AUTORELEASING = YES;
				CLANG_WARN_BOOL_CONVERSION = YES;
				CLANG_WARN_COMMA = YES;
				CLANG_WARN_CONSTANT_CONVERSION = YES;
				CLANG_WARN_DEPRECATED_OBJC_IMPLEMENTATIONS = YES;
				CLANG_WARN_DIRECT_OBJC_ISA_USAGE = YES_ERROR;
				CLANG_WARN_DOCUMENTATION_COMMENTS = YES;
				CLANG_WARN_EMPTY_BODY = YES;
				CLANG_WARN_ENUM_CONVERSION = YES;
				CLANG_WARN_INFINITE_RECURSION = YES;
				CLANG_WARN_INT_CONVERSION = YES;
				CLANG_WARN_NON_LITERAL_NULL_CONVERSION = YES;
				CLANG_WARN_OBJC_IMPLICIT_RETAIN_SELF = YES;
				CLANG_WARN_OBJC_LITERAL_CONVERSION = YES;
				CLANG_WARN_OBJC_ROOT_CLASS = YES_ERROR;
				CLANG_WARN_QUOTED_INCLUDE_IN_FRAMEWORK_HEADER = YES;
				CLANG_WARN_RANGE_LOOP_ANALYSIS = YES;
				CLANG_WARN_STRICT_PROTOTYPES = YES;
				CLANG_WARN_SUSPICIOUS_MOVE = YES;
				CLANG_WARN_UNGUARDED_AVAILABILITY = YES_AGGRESSIVE;
				CLANG_WARN_UNREACHABLE_CODE = YES;
				CLANG_WARN__DUPLICATE_METHOD_MATCH = YES;
				COPY_PHASE_STRIP = NO;
				DEBUG_INFORMATION_FORMAT = "dwarf-with-dsym";
				ENABLE_NS_ASSERTIONS = NO;
				ENABLE_STRICT_OBJC_MSGSEND = YES;
				ENABLE_USER_SCRIPT_SANDBOXING = YES;
				GCC_C_LANGUAGE_STANDARD = gnu17;
				GCC_NO_COMMON_BLOCKS = YES;
				GCC_WARN_64_TO_32_BIT_CONVERSION = YES;
				GCC_WARN_ABOUT_RETURN_TYPE = YES_ERROR;
				GCC_WARN_UNDECLARED_SELECTOR = YES;
				GCC_WARN_UNINITIALIZED_AUTOS = YES_AGGRESSIVE;
				GCC_WARN_UNUSED_FUNCTION = YES;
				GCC_WARN_UNUSED_VARIABLE = YES;
				IPHONEOS_DEPLOYMENT_TARGET = 17.0;
				LOCALIZATION_PREFERS_STRING_CATALOGS = YES;
				MTL_ENABLE_DEBUG_INFO = NO;
				MTL_FAST_MATH = YES;
				SDKROOT = iphoneos;
				SWIFT_COMPILATION_MODE = wholemodule;
				VALIDATE_PRODUCT = YES;
			};
			name = Release;
		};
		841BEB102C1BB04100D36851 /* Debug */ = {
			isa = XCBuildConfiguration;
			buildSettings = {
				ASSETCATALOG_COMPILER_APPICON_NAME = AppIcon;
				ASSETCATALOG_COMPILER_GLOBAL_ACCENT_COLOR_NAME = AccentColor;
				CODE_SIGN_STYLE = Automatic;
				CURRENT_PROJECT_VERSION = 1;
				DEVELOPMENT_ASSET_PATHS = "\"PopularMovies/Preview Content\"";
				ENABLE_PREVIEWS = YES;
				GENERATE_INFOPLIST_FILE = YES;
				INFOPLIST_FILE = PopularMovies/Info.plist;
				INFOPLIST_KEY_UIApplicationSceneManifest_Generation = YES;
				INFOPLIST_KEY_UIApplicationSupportsIndirectInputEvents = YES;
				INFOPLIST_KEY_UILaunchScreen_Generation = YES;
				INFOPLIST_KEY_UISupportedInterfaceOrientations_iPad = "UIInterfaceOrientationPortrait UIInterfaceOrientationPortraitUpsideDown UIInterfaceOrientationLandscapeLeft UIInterfaceOrientationLandscapeRight";
				INFOPLIST_KEY_UISupportedInterfaceOrientations_iPhone = "UIInterfaceOrientationPortrait UIInterfaceOrientationLandscapeLeft UIInterfaceOrientationLandscapeRight";
				IPHONEOS_DEPLOYMENT_TARGET = 16.0;
				LD_RUNPATH_SEARCH_PATHS = (
					"$(inherited)",
					"@executable_path/Frameworks",
				);
				MARKETING_VERSION = 1.0;
				PRODUCT_BUNDLE_IDENTIFIER = com.amr.popularmovies;
				PRODUCT_NAME = "$(TARGET_NAME)";
				SWIFT_EMIT_LOC_STRINGS = YES;
				SWIFT_VERSION = 5.0;
				TARGETED_DEVICE_FAMILY = "1,2";
			};
			name = Debug;
		};
		841BEB112C1BB04100D36851 /* Release */ = {
			isa = XCBuildConfiguration;
			buildSettings = {
				ASSETCATALOG_COMPILER_APPICON_NAME = AppIcon;
				ASSETCATALOG_COMPILER_GLOBAL_ACCENT_COLOR_NAME = AccentColor;
				CODE_SIGN_STYLE = Automatic;
				CURRENT_PROJECT_VERSION = 1;
				DEVELOPMENT_ASSET_PATHS = "\"PopularMovies/Preview Content\"";
				ENABLE_PREVIEWS = YES;
				GENERATE_INFOPLIST_FILE = YES;
				INFOPLIST_FILE = PopularMovies/Info.plist;
				INFOPLIST_KEY_UIApplicationSceneManifest_Generation = YES;
				INFOPLIST_KEY_UIApplicationSupportsIndirectInputEvents = YES;
				INFOPLIST_KEY_UILaunchScreen_Generation = YES;
				INFOPLIST_KEY_UISupportedInterfaceOrientations_iPad = "UIInterfaceOrientationPortrait UIInterfaceOrientationPortraitUpsideDown UIInterfaceOrientationLandscapeLeft UIInterfaceOrientationLandscapeRight";
				INFOPLIST_KEY_UISupportedInterfaceOrientations_iPhone = "UIInterfaceOrientationPortrait UIInterfaceOrientationLandscapeLeft UIInterfaceOrientationLandscapeRight";
				IPHONEOS_DEPLOYMENT_TARGET = 16.0;
				LD_RUNPATH_SEARCH_PATHS = (
					"$(inherited)",
					"@executable_path/Frameworks",
				);
				MARKETING_VERSION = 1.0;
				PRODUCT_BUNDLE_IDENTIFIER = com.amr.popularmovies;
				PRODUCT_NAME = "$(TARGET_NAME)";
				SWIFT_EMIT_LOC_STRINGS = YES;
				SWIFT_VERSION = 5.0;
				TARGETED_DEVICE_FAMILY = "1,2";
			};
			name = Release;
		};
		844B7F362C1DF05300E27CC2 /* Debug */ = {
			isa = XCBuildConfiguration;
			buildSettings = {
				BUNDLE_LOADER = "$(TEST_HOST)";
				CODE_SIGN_STYLE = Automatic;
				CURRENT_PROJECT_VERSION = 1;
				GENERATE_INFOPLIST_FILE = YES;
				MARKETING_VERSION = 1.0;
				PRODUCT_BUNDLE_IDENTIFIER = com.amr.popularmovies.PopularMoviesTests;
				PRODUCT_NAME = "$(TARGET_NAME)";
				SWIFT_EMIT_LOC_STRINGS = NO;
				SWIFT_VERSION = 5.0;
				TARGETED_DEVICE_FAMILY = "1,2";
				TEST_HOST = "$(BUILT_PRODUCTS_DIR)/PopularMovies.app/$(BUNDLE_EXECUTABLE_FOLDER_PATH)/PopularMovies";
			};
			name = Debug;
		};
		844B7F372C1DF05300E27CC2 /* Release */ = {
			isa = XCBuildConfiguration;
			buildSettings = {
				BUNDLE_LOADER = "$(TEST_HOST)";
				CODE_SIGN_STYLE = Automatic;
				CURRENT_PROJECT_VERSION = 1;
				GENERATE_INFOPLIST_FILE = YES;
				MARKETING_VERSION = 1.0;
				PRODUCT_BUNDLE_IDENTIFIER = com.amr.popularmovies.PopularMoviesTests;
				PRODUCT_NAME = "$(TARGET_NAME)";
				SWIFT_EMIT_LOC_STRINGS = NO;
				SWIFT_VERSION = 5.0;
				TARGETED_DEVICE_FAMILY = "1,2";
				TEST_HOST = "$(BUILT_PRODUCTS_DIR)/PopularMovies.app/$(BUNDLE_EXECUTABLE_FOLDER_PATH)/PopularMovies";
			};
			name = Release;
		};
/* End XCBuildConfiguration section */

/* Begin XCConfigurationList section */
		841BEAFC2C1BB03F00D36851 /* Build configuration list for PBXProject "PopularMovies" */ = {
			isa = XCConfigurationList;
			buildConfigurations = (
				841BEB0D2C1BB04100D36851 /* Debug */,
				841BEB0E2C1BB04100D36851 /* Release */,
			);
			defaultConfigurationIsVisible = 0;
			defaultConfigurationName = Release;
		};
		841BEB0F2C1BB04100D36851 /* Build configuration list for PBXNativeTarget "PopularMovies" */ = {
			isa = XCConfigurationList;
			buildConfigurations = (
				841BEB102C1BB04100D36851 /* Debug */,
				841BEB112C1BB04100D36851 /* Release */,
			);
			defaultConfigurationIsVisible = 0;
			defaultConfigurationName = Release;
		};
		844B7F382C1DF05300E27CC2 /* Build configuration list for PBXNativeTarget "PopularMoviesTests" */ = {
			isa = XCConfigurationList;
			buildConfigurations = (
				844B7F362C1DF05300E27CC2 /* Debug */,
				844B7F372C1DF05300E27CC2 /* Release */,
			);
			defaultConfigurationIsVisible = 0;
			defaultConfigurationName = Release;
		};
/* End XCConfigurationList section */

/* Begin XCSwiftPackageProductDependency section */
		841BEB162C1BBEB400D36851 /* PopularMoviesList */ = {
			isa = XCSwiftPackageProductDependency;
			productName = PopularMoviesList;
		};
		841BEB1A2C1CDEE600D36851 /* AppConfigurations */ = {
			isa = XCSwiftPackageProductDependency;
			productName = AppConfigurations;
		};
		841BEB1C2C1CDEE600D36851 /* CoreInterface */ = {
			isa = XCSwiftPackageProductDependency;
			productName = CoreInterface;
		};
		841BEB1E2C1CDEE600D36851 /* Networking */ = {
			isa = XCSwiftPackageProductDependency;
			productName = Networking;
		};
		841BEB202C1CDEE600D36851 /* PopularMoviesList */ = {
			isa = XCSwiftPackageProductDependency;
			productName = PopularMoviesList;
		};
		841BEB232C1CDF2100D36851 /* AppConfigurations */ = {
			isa = XCSwiftPackageProductDependency;
			productName = AppConfigurations;
		};
		841BEB252C1CDF2100D36851 /* CoreInterface */ = {
			isa = XCSwiftPackageProductDependency;
			productName = CoreInterface;
		};
		841BEB272C1CDF2100D36851 /* Networking */ = {
			isa = XCSwiftPackageProductDependency;
			productName = Networking;
		};
		841BEB292C1CDF2100D36851 /* PopularMoviesList */ = {
			isa = XCSwiftPackageProductDependency;
			productName = PopularMoviesList;
		};
		841BEB2D2C1CE28100D36851 /* AppConfigurations */ = {
			isa = XCSwiftPackageProductDependency;
			productName = AppConfigurations;
		};
		841BEB2F2C1CE28100D36851 /* CoreInterface */ = {
			isa = XCSwiftPackageProductDependency;
			productName = CoreInterface;
		};
		841BEB312C1CE28100D36851 /* Networking */ = {
			isa = XCSwiftPackageProductDependency;
			productName = Networking;
		};
		841BEB332C1CE28100D36851 /* PopularMoviesList */ = {
			isa = XCSwiftPackageProductDependency;
			productName = PopularMoviesList;
		};
/* End XCSwiftPackageProductDependency section */
	};
	rootObject = 841BEAF92C1BB03F00D36851 /* Project object */;
}
